PODS:
  - LBCommonComponents/Macros (1.1.4)
  - MBProgressHUD (1.2.0)

DEPENDENCIES:
  - LBCommonComponents/Macros
  - MBProgressHUD

SPEC REPOS:
  trunk:
    - LBCommonComponents
    - MBProgressHUD

SPEC CHECKSUMS:
  LBCommonComponents: 134fbdd207b76ffdc116851ea3bc02f762958c95
  MBProgressHUD: 3ee5efcc380f6a79a7cc9b363dd669c5e1ae7406

PODFILE CHECKSUM: eae8b06d3c832fb9c34ddd715a35b44b46c9ba79

COCOAPODS: 1.12.1
